
Microsoft Visual Studio Solution File, Format Version 12.00
# Visual Studio Version 17
VisualStudioVersion = 17.7.34031.279
MinimumVisualStudioVersion = 10.0.40219.1
Project("{FAE04EC0-301F-11D3-BF4B-00C04F79EFBC}") = "AssessmentTest1", "AssessmentTest1\AssessmentTest1.csproj", "{C86E55F2-A054-44F9-A781-A5B02F1A231D}"
EndProject
Global
	GlobalSection(SolutionConfigurationPlatforms) = preSolution
		Debug|Any CPU = Debug|Any CPU
		Release|Any CPU = Release|Any CPU
	EndGlobalSection
	GlobalSection(ProjectConfigurationPlatforms) = postSolution
		{C86E55F2-A054-44F9-A781-A5B02F1A231D}.Debug|Any CPU.ActiveCfg = Debug|Any CPU
		{C86E55F2-A054-44F9-A781-A5B02F1A231D}.Debug|Any CPU.Build.0 = Debug|Any CPU
		{C86E55F2-A054-44F9-A781-A5B02F1A231D}.Release|Any CPU.ActiveCfg = Release|Any CPU
		{C86E55F2-A054-44F9-A781-A5B02F1A231D}.Release|Any CPU.Build.0 = Release|Any CPU
	EndGlobalSection
	GlobalSection(SolutionProperties) = preSolution
		HideSolutionNode = FALSE
	EndGlobalSection
	GlobalSection(ExtensibilityGlobals) = postSolution
		SolutionGuid = {4C8510A9-ACE8-498C-A46B-ABF0D39839F7}
	EndGlobalSection
EndGlobal
